
Microsoft Visual Studio Solution File, Format Version 12.00
# Visual Studio Version 17
VisualStudioVersion = 17.9.34714.143
MinimumVisualStudioVersion = 10.0.40219.1
Project("{2150E333-8FDC-42A3-9474-1A3956D46DE8}") = "Domain", "Domain", "{119AFA72-ED8B-41B5-A9A5-FDA310280D80}"
EndProject
Project("{2150E333-8FDC-42A3-9474-1A3956D46DE8}") = "Infrastructure", "Infrastructure", "{BE764AF0-F611-4BF0-A5C0-7629D260FAD4}"
EndProject
Project("{2150E333-8FDC-42A3-9474-1A3956D46DE8}") = "Persistence", "Persistence", "{6BFE1E3F-27B2-4B27-8413-FACB62B5BDC9}"
EndProject
Project("{FAE04EC0-301F-11D3-BF4B-00C04F79EFBC}") = "Eshop.Domain", "Eshop.Domain\Eshop.Domain.csproj", "{7D7A6ED0-5A69-4663-8BA6-BDD5D2FE6BA9}"
EndProject
Global
	GlobalSection(SolutionConfigurationPlatforms) = preSolution
		Debug|Any CPU = Debug|Any CPU
		Release|Any CPU = Release|Any CPU
	EndGlobalSection
	GlobalSection(ProjectConfigurationPlatforms) = postSolution
		{7D7A6ED0-5A69-4663-8BA6-BDD5D2FE6BA9}.Debug|Any CPU.ActiveCfg = Debug|Any CPU
		{7D7A6ED0-5A69-4663-8BA6-BDD5D2FE6BA9}.Debug|Any CPU.Build.0 = Debug|Any CPU
		{7D7A6ED0-5A69-4663-8BA6-BDD5D2FE6BA9}.Release|Any CPU.ActiveCfg = Release|Any CPU
		{7D7A6ED0-5A69-4663-8BA6-BDD5D2FE6BA9}.Release|Any CPU.Build.0 = Release|Any CPU
	EndGlobalSection
	GlobalSection(SolutionProperties) = preSolution
		HideSolutionNode = FALSE
	EndGlobalSection
	GlobalSection(NestedProjects) = preSolution
		{7D7A6ED0-5A69-4663-8BA6-BDD5D2FE6BA9} = {119AFA72-ED8B-41B5-A9A5-FDA310280D80}
	EndGlobalSection
	GlobalSection(ExtensibilityGlobals) = postSolution
		SolutionGuid = {E76462F3-F7ED-487D-B472-5E38061F0143}
	EndGlobalSection
EndGlobal
